
Microsoft Visual Studio Solution File, Format Version 12.00
# Visual Studio Version 17
VisualStudioVersion = 17.3.32922.545
MinimumVisualStudioVersion = 10.0.40219.1
Project("{FAE04EC0-301F-11D3-BF4B-00C04F79EFBC}") = "Wpf_Oefening_24_Sparen1", "Wpf_Oefening_24_Sparen\Wpf_Oefening_24_Sparen1.csproj", "{EEB20F0B-BF6A-4238-BCCF-59A313ECF89C}"
EndProject
Global
	GlobalSection(SolutionConfigurationPlatforms) = preSolution
		Debug|Any CPU = Debug|Any CPU
		Release|Any CPU = Release|Any CPU
	EndGlobalSection
	GlobalSection(ProjectConfigurationPlatforms) = postSolution
		{EEB20F0B-BF6A-4238-BCCF-59A313ECF89C}.Debug|Any CPU.ActiveCfg = Debug|Any CPU
		{EEB20F0B-BF6A-4238-BCCF-59A313ECF89C}.Debug|Any CPU.Build.0 = Debug|Any CPU
		{EEB20F0B-BF6A-4238-BCCF-59A313ECF89C}.Release|Any CPU.ActiveCfg = Release|Any CPU
		{EEB20F0B-BF6A-4238-BCCF-59A313ECF89C}.Release|Any CPU.Build.0 = Release|Any CPU
	EndGlobalSection
	GlobalSection(SolutionProperties) = preSolution
		HideSolutionNode = FALSE
	EndGlobalSection
	GlobalSection(ExtensibilityGlobals) = postSolution
		SolutionGuid = {947051EC-54ED-499D-85C7-DB504BABB3E7}
	EndGlobalSection
EndGlobal
